
Microsoft Visual Studio Solution File, Format Version 12.00
# Visual Studio Version 16
VisualStudioVersion = 16.0.30204.135
MinimumVisualStudioVersion = 10.0.40219.1
Project("{FAE04EC0-301F-11D3-BF4B-00C04F79EFBC}") = "helloWorld", "helloWorld\helloWorld.csproj", "{D090F14A-28CC-4244-82F1-D36F728E9772}"
EndProject
Global
	GlobalSection(SolutionConfigurationPlatforms) = preSolution
		Debug|Any CPU = Debug|Any CPU
		Release|Any CPU = Release|Any CPU
	EndGlobalSection
	GlobalSection(ProjectConfigurationPlatforms) = postSolution
		{D090F14A-28CC-4244-82F1-D36F728E9772}.Debug|Any CPU.ActiveCfg = Debug|Any CPU
		{D090F14A-28CC-4244-82F1-D36F728E9772}.Debug|Any CPU.Build.0 = Debug|Any CPU
		{D090F14A-28CC-4244-82F1-D36F728E9772}.Release|Any CPU.ActiveCfg = Release|Any CPU
		{D090F14A-28CC-4244-82F1-D36F728E9772}.Release|Any CPU.Build.0 = Release|Any CPU
	EndGlobalSection
	GlobalSection(SolutionProperties) = preSolution
		HideSolutionNode = FALSE
	EndGlobalSection
	GlobalSection(ExtensibilityGlobals) = postSolution
		SolutionGuid = {175832F9-9A26-4A2B-9BD9-FECD2D71B21C}
	EndGlobalSection
EndGlobal
